
Microsoft Visual Studio Solution File, Format Version 12.00
# Visual Studio Version 17
VisualStudioVersion = 17.8.34330.188
MinimumVisualStudioVersion = 10.0.40219.1
Project("{FAE04EC0-301F-11D3-BF4B-00C04F79EFBC}") = "userInterface", "userInterface\userInterface.csproj", "{6AA916F5-BDD7-4B96-87D4-2038C8A51E06}"
EndProject
Project("{FAE04EC0-301F-11D3-BF4B-00C04F79EFBC}") = "Commands.Layer", "Commands.Layer\Commands.Layer.csproj", "{D58F8066-37AF-4A66-9882-E76EA6A450A9}"
EndProject
Project("{FAE04EC0-301F-11D3-BF4B-00C04F79EFBC}") = "Business.Layer", "Business.Layer\Business.Layer.csproj", "{37B9CE8F-FBB4-4213-9C5C-91DF1A73FCC9}"
EndProject
Global
	GlobalSection(SolutionConfigurationPlatforms) = preSolution
		Debug|Any CPU = Debug|Any CPU
		Release|Any CPU = Release|Any CPU
	EndGlobalSection
	GlobalSection(ProjectConfigurationPlatforms) = postSolution
		{6AA916F5-BDD7-4B96-87D4-2038C8A51E06}.Debug|Any CPU.ActiveCfg = Debug|Any CPU
		{6AA916F5-BDD7-4B96-87D4-2038C8A51E06}.Debug|Any CPU.Build.0 = Debug|Any CPU
		{6AA916F5-BDD7-4B96-87D4-2038C8A51E06}.Release|Any CPU.ActiveCfg = Release|Any CPU
		{6AA916F5-BDD7-4B96-87D4-2038C8A51E06}.Release|Any CPU.Build.0 = Release|Any CPU
		{D58F8066-37AF-4A66-9882-E76EA6A450A9}.Debug|Any CPU.ActiveCfg = Debug|Any CPU
		{D58F8066-37AF-4A66-9882-E76EA6A450A9}.Debug|Any CPU.Build.0 = Debug|Any CPU
		{D58F8066-37AF-4A66-9882-E76EA6A450A9}.Release|Any CPU.ActiveCfg = Release|Any CPU
		{D58F8066-37AF-4A66-9882-E76EA6A450A9}.Release|Any CPU.Build.0 = Release|Any CPU
		{37B9CE8F-FBB4-4213-9C5C-91DF1A73FCC9}.Debug|Any CPU.ActiveCfg = Debug|Any CPU
		{37B9CE8F-FBB4-4213-9C5C-91DF1A73FCC9}.Debug|Any CPU.Build.0 = Debug|Any CPU
		{37B9CE8F-FBB4-4213-9C5C-91DF1A73FCC9}.Release|Any CPU.ActiveCfg = Release|Any CPU
		{37B9CE8F-FBB4-4213-9C5C-91DF1A73FCC9}.Release|Any CPU.Build.0 = Release|Any CPU
	EndGlobalSection
	GlobalSection(SolutionProperties) = preSolution
		HideSolutionNode = FALSE
	EndGlobalSection
	GlobalSection(ExtensibilityGlobals) = postSolution
		SolutionGuid = {5048F36E-9171-409E-BB3C-A41EECB1F9FF}
	EndGlobalSection
EndGlobal
